// !$*UTF8*$!
{
	archiveVersion = 1;
	classes = {
	};
	objectVersion = 46;
	objects = {

/* Begin PBXBuildFile section */
		DCC660331D012A9D0028B5F1 /* AppDelegate.m in Sources */ = {isa = PBXBuildFile; fileRef = DCC660301D012A9D0028B5F1 /* AppDelegate.m */; };
		DCC660341D012A9D0028B5F1 /* BaseNavigationController.m in Sources */ = {isa = PBXBuildFile; fileRef = DCC660321D012A9D0028B5F1 /* BaseNavigationController.m */; };
		DCC6603F1D012B190028B5F1 /* Assets.xcassets in Resources */ = {isa = PBXBuildFile; fileRef = DCC660361D012B190028B5F1 /* Assets.xcassets */; };
		DCC660401D012B190028B5F1 /* LaunchScreen.storyboard in Resources */ = {isa = PBXBuildFile; fileRef = DCC660371D012B190028B5F1 /* LaunchScreen.storyboard */; };
		DCC660411D012B190028B5F1 /* Main.storyboard in Resources */ = {isa = PBXBuildFile; fileRef = DCC660391D012B190028B5F1 /* Main.storyboard */; };
		DCC660421D012B190028B5F1 /* Info.plist in Resources */ = {isa = PBXBuildFile; fileRef = DCC6603B1D012B190028B5F1 /* Info.plist */; };
		DCC660431D012B190028B5F1 /* main.m in Sources */ = {isa = PBXBuildFile; fileRef = DCC6603C1D012B190028B5F1 /* main.m */; };
		DCC660441D012B190028B5F1 /* userPosition.png in Resources */ = {isa = PBXBuildFile; fileRef = DCC6603D1D012B190028B5F1 /* userPosition.png */; };
		DCC660451D012B190028B5F1 /* userPosition@2x.png in Resources */ = {isa = PBXBuildFile; fileRef = DCC6603E1D012B190028B5F1 /* userPosition@2x.png */; };
		DCCB48CC1CEF2E560027A8AF /* MAMapView+IsShowAccuracyCircle.m in Sources */ = {isa = PBXBuildFile; fileRef = DCCB48CB1CEF2E560027A8AF /* MAMapView+IsShowAccuracyCircle.m */; };
		DCFAE6AC1CEF0C02005F370C /* OurselfGoOnAJourney.xcdatamodeld in Sources */ = {isa = PBXBuildFile; fileRef = DCFAE6AA1CEF0C02005F370C /* OurselfGoOnAJourney.xcdatamodeld */; };
		DCFAE6BD1CEF0C77005F370C /* AMapNaviKit.framework in Frameworks */ = {isa = PBXBuildFile; fileRef = DCFAE6BB1CEF0C77005F370C /* AMapNaviKit.framework */; };
		DCFAE6BE1CEF0C78005F370C /* MAMapKit.framework in Frameworks */ = {isa = PBXBuildFile; fileRef = DCFAE6BC1CEF0C77005F370C /* MAMapKit.framework */; };
		DCFAE6C11CEF0C8F005F370C /* AMap.bundle in Resources */ = {isa = PBXBuildFile; fileRef = DCFAE6BF1CEF0C8F005F370C /* AMap.bundle */; };
		DCFAE6C21CEF0C8F005F370C /* AMapNavi.bundle in Resources */ = {isa = PBXBuildFile; fileRef = DCFAE6C01CEF0C8F005F370C /* AMapNavi.bundle */; };
		DCFAE6C41CEF0CC3005F370C /* iflyMSC.framework in Frameworks */ = {isa = PBXBuildFile; fileRef = DCFAE6C31CEF0CC3005F370C /* iflyMSC.framework */; };
		DCFAE6C61CEF0CE1005F370C /* libz.tbd in Frameworks */ = {isa = PBXBuildFile; fileRef = DCFAE6C51CEF0CE1005F370C /* libz.tbd */; };
		DCFAE6C81CEF0CF2005F370C /* libstdc++.6.0.9.tbd in Frameworks */ = {isa = PBXBuildFile; fileRef = DCFAE6C71CEF0CF2005F370C /* libstdc++.6.0.9.tbd */; };
		DCFAE6CA1CEF0CFF005F370C /* libc++.tbd in Frameworks */ = {isa = PBXBuildFile; fileRef = DCFAE6C91CEF0CFF005F370C /* libc++.tbd */; };
		DCFAE6CD1CEF0E69005F370C /* MainViewController.m in Sources */ = {isa = PBXBuildFile; fileRef = DCFAE6CC1CEF0E69005F370C /* MainViewController.m */; };
/* End PBXBuildFile section */

/* Begin PBXFileReference section */
		DCC6602F1D012A9D0028B5F1 /* AppDelegate.h */ = {isa = PBXFileReference; fileEncoding = 4; lastKnownFileType = sourcecode.c.h; path = AppDelegate.h; sourceTree = "<group>"; };
		DCC660301D012A9D0028B5F1 /* AppDelegate.m */ = {isa = PBXFileReference; fileEncoding = 4; lastKnownFileType = sourcecode.c.objc; path = AppDelegate.m; sourceTree = "<group>"; };
		DCC660311D012A9D0028B5F1 /* BaseNavigationController.h */ = {isa = PBXFileReference; fileEncoding = 4; lastKnownFileType = sourcecode.c.h; path = BaseNavigationController.h; sourceTree = "<group>"; };
		DCC660321D012A9D0028B5F1 /* BaseNavigationController.m */ = {isa = PBXFileReference; fileEncoding = 4; lastKnownFileType = sourcecode.c.objc; path = BaseNavigationController.m; sourceTree = "<group>"; };
		DCC660361D012B190028B5F1 /* Assets.xcassets */ = {isa = PBXFileReference; lastKnownFileType = folder.assetcatalog; path = Assets.xcassets; sourceTree = "<group>"; };
		DCC660381D012B190028B5F1 /* Base */ = {isa = PBXFileReference; lastKnownFileType = file.storyboard; name = Base; path = Base.lproj/LaunchScreen.storyboard; sourceTree = "<group>"; };
		DCC6603A1D012B190028B5F1 /* Base */ = {isa = PBXFileReference; lastKnownFileType = file.storyboard; name = Base; path = Base.lproj/Main.storyboard; sourceTree = "<group>"; };
		DCC6603B1D012B190028B5F1 /* Info.plist */ = {isa = PBXFileReference; fileEncoding = 4; lastKnownFileType = text.plist.xml; path = Info.plist; sourceTree = "<group>"; };
		DCC6603C1D012B190028B5F1 /* main.m */ = {isa = PBXFileReference; fileEncoding = 4; lastKnownFileType = sourcecode.c.objc; path = main.m; sourceTree = "<group>"; };
		DCC6603D1D012B190028B5F1 /* userPosition.png */ = {isa = PBXFileReference; lastKnownFileType = image.png; path = userPosition.png; sourceTree = "<group>"; };
		DCC6603E1D012B190028B5F1 /* userPosition@2x.png */ = {isa = PBXFileReference; lastKnownFileType = image.png; path = "userPosition@2x.png"; sourceTree = "<group>"; };
		DCCB48CA1CEF2E560027A8AF /* MAMapView+IsShowAccuracyCircle.h */ = {isa = PBXFileReference; fileEncoding = 4; lastKnownFileType = sourcecode.c.h; name = "MAMapView+IsShowAccuracyCircle.h"; path = "OtherFrameworks/MAMapView+IsShowAccuracyCircle.h"; sourceTree = "<group>"; };
		DCCB48CB1CEF2E560027A8AF /* MAMapView+IsShowAccuracyCircle.m */ = {isa = PBXFileReference; fileEncoding = 4; lastKnownFileType = sourcecode.c.objc; name = "MAMapView+IsShowAccuracyCircle.m"; path = "OtherFrameworks/MAMapView+IsShowAccuracyCircle.m"; sourceTree = "<group>"; };
		DCFAE69B1CEF0C02005F370C /* OurselfGoOnAJourney.app */ = {isa = PBXFileReference; explicitFileType = wrapper.application; includeInIndex = 0; path = OurselfGoOnAJourney.app; sourceTree = BUILT_PRODUCTS_DIR; };
		DCFAE6AB1CEF0C02005F370C /* OurselfGoOnAJourney.xcdatamodel */ = {isa = PBXFileReference; lastKnownFileType = wrapper.xcdatamodel; path = OurselfGoOnAJourney.xcdatamodel; sourceTree = "<group>"; };
		DCFAE6BB1CEF0C77005F370C /* AMapNaviKit.framework */ = {isa = PBXFileReference; lastKnownFileType = wrapper.framework; path = AMapNaviKit.framework; sourceTree = "<group>"; };
		DCFAE6BC1CEF0C77005F370C /* MAMapKit.framework */ = {isa = PBXFileReference; lastKnownFileType = wrapper.framework; path = MAMapKit.framework; sourceTree = "<group>"; };
		DCFAE6BF1CEF0C8F005F370C /* AMap.bundle */ = {isa = PBXFileReference; lastKnownFileType = "wrapper.plug-in"; name = AMap.bundle; path = ../../AMap.bundle; sourceTree = "<group>"; };
		DCFAE6C01CEF0C8F005F370C /* AMapNavi.bundle */ = {isa = PBXFileReference; lastKnownFileType = "wrapper.plug-in"; name = AMapNavi.bundle; path = ../../AMapNavi.bundle; sourceTree = "<group>"; };
		DCFAE6C31CEF0CC3005F370C /* iflyMSC.framework */ = {isa = PBXFileReference; lastKnownFileType = wrapper.framework; path = iflyMSC.framework; sourceTree = "<group>"; };
		DCFAE6C51CEF0CE1005F370C /* libz.tbd */ = {isa = PBXFileReference; lastKnownFileType = "sourcecode.text-based-dylib-definition"; name = libz.tbd; path = usr/lib/libz.tbd; sourceTree = SDKROOT; };
		DCFAE6C71CEF0CF2005F370C /* libstdc++.6.0.9.tbd */ = {isa = PBXFileReference; lastKnownFileType = "sourcecode.text-based-dylib-definition"; name = "libstdc++.6.0.9.tbd"; path = "usr/lib/libstdc++.6.0.9.tbd"; sourceTree = SDKROOT; };
		DCFAE6C91CEF0CFF005F370C /* libc++.tbd */ = {isa = PBXFileReference; lastKnownFileType = "sourcecode.text-based-dylib-definition"; name = "libc++.tbd"; path = "usr/lib/libc++.tbd"; sourceTree = SDKROOT; };
		DCFAE6CB1CEF0E69005F370C /* MainViewController.h */ = {isa = PBXFileReference; fileEncoding = 4; lastKnownFileType = sourcecode.c.h; path = MainViewController.h; sourceTree = "<group>"; };
		DCFAE6CC1CEF0E69005F370C /* MainViewController.m */ = {isa = PBXFileReference; fileEncoding = 4; lastKnownFileType = sourcecode.c.objc; path = MainViewController.m; sourceTree = "<group>"; };
/* End PBXFileReference section */

/* Begin PBXFrameworksBuildPhase section */
		DCFAE6981CEF0C02005F370C /* Frameworks */ = {
			isa = PBXFrameworksBuildPhase;
			buildActionMask = 2147483647;
			files = (
				DCFAE6CA1CEF0CFF005F370C /* libc++.tbd in Frameworks */,
				DCFAE6C81CEF0CF2005F370C /* libstdc++.6.0.9.tbd in Frameworks */,
				DCFAE6C61CEF0CE1005F370C /* libz.tbd in Frameworks */,
				DCFAE6C41CEF0CC3005F370C /* iflyMSC.framework in Frameworks */,
				DCFAE6BE1CEF0C78005F370C /* MAMapKit.framework in Frameworks */,
				DCFAE6BD1CEF0C77005F370C /* AMapNaviKit.framework in Frameworks */,
			);
			runOnlyForDeploymentPostprocessing = 0;
		};
/* End PBXFrameworksBuildPhase section */

/* Begin PBXGroup section */
		DCC6602E1D012A7C0028B5F1 /* BaseClass */ = {
			isa = PBXGroup;
			children = (
				DCC6602F1D012A9D0028B5F1 /* AppDelegate.h */,
				DCC660301D012A9D0028B5F1 /* AppDelegate.m */,
				DCC660311D012A9D0028B5F1 /* BaseNavigationController.h */,
				DCC660321D012A9D0028B5F1 /* BaseNavigationController.m */,
			);
			path = BaseClass;
			sourceTree = "<group>";
		};
		DCC660351D012B190028B5F1 /* Resources */ = {
			isa = PBXGroup;
			children = (
				DCC660361D012B190028B5F1 /* Assets.xcassets */,
				DCC660371D012B190028B5F1 /* LaunchScreen.storyboard */,
				DCC660391D012B190028B5F1 /* Main.storyboard */,
				DCC6603B1D012B190028B5F1 /* Info.plist */,
				DCC6603C1D012B190028B5F1 /* main.m */,
				DCC6603D1D012B190028B5F1 /* userPosition.png */,
				DCC6603E1D012B190028B5F1 /* userPosition@2x.png */,
			);
			path = Resources;
			sourceTree = "<group>";
		};
		DCFAE6921CEF0C02005F370C = {
			isa = PBXGroup;
			children = (
				DCFAE69D1CEF0C02005F370C /* OurselfGoOnAJourney */,
				DCFAE69C1CEF0C02005F370C /* Products */,
			);
			sourceTree = "<group>";
		};
		DCFAE69C1CEF0C02005F370C /* Products */ = {
			isa = PBXGroup;
			children = (
				DCFAE69B1CEF0C02005F370C /* OurselfGoOnAJourney.app */,
			);
			name = Products;
			sourceTree = "<group>";
		};
		DCFAE69D1CEF0C02005F370C /* OurselfGoOnAJourney */ = {
			isa = PBXGroup;
			children = (
				DCFAE6B81CEF0C3E005F370C /* OtherFrameworks */,
				DCFAE6CB1CEF0E69005F370C /* MainViewController.h */,
				DCFAE6CC1CEF0E69005F370C /* MainViewController.m */,
				DCCB48CA1CEF2E560027A8AF /* MAMapView+IsShowAccuracyCircle.h */,
				DCCB48CB1CEF2E560027A8AF /* MAMapView+IsShowAccuracyCircle.m */,
				DCFAE6AA1CEF0C02005F370C /* OurselfGoOnAJourney.xcdatamodeld */,
				DCC6602E1D012A7C0028B5F1 /* BaseClass */,
				DCC660351D012B190028B5F1 /* Resources */,
				DCFAE6BA1CEF0C3E005F370C /* SystemFrameworks */,
			);
			path = OurselfGoOnAJourney;
			sourceTree = "<group>";
		};
		DCFAE6B81CEF0C3E005F370C /* OtherFrameworks */ = {
			isa = PBXGroup;
			children = (
				DCFAE6B91CEF0C3E005F370C /* AMap */,
			);
			path = OtherFrameworks;
			sourceTree = "<group>";
		};
		DCFAE6B91CEF0C3E005F370C /* AMap */ = {
			isa = PBXGroup;
			children = (
				DCFAE6C31CEF0CC3005F370C /* iflyMSC.framework */,
				DCFAE6BB1CEF0C77005F370C /* AMapNaviKit.framework */,
				DCFAE6BC1CEF0C77005F370C /* MAMapKit.framework */,
			);
			path = AMap;
			sourceTree = "<group>";
		};
		DCFAE6BA1CEF0C3E005F370C /* SystemFrameworks */ = {
			isa = PBXGroup;
			children = (
				DCFAE6C91CEF0CFF005F370C /* libc++.tbd */,
				DCFAE6C71CEF0CF2005F370C /* libstdc++.6.0.9.tbd */,
				DCFAE6C51CEF0CE1005F370C /* libz.tbd */,
				DCFAE6BF1CEF0C8F005F370C /* AMap.bundle */,
				DCFAE6C01CEF0C8F005F370C /* AMapNavi.bundle */,
			);
			path = SystemFrameworks;
			sourceTree = "<group>";
		};
/* End PBXGroup section */

/* Begin PBXNativeTarget section */
		DCFAE69A1CEF0C02005F370C /* OurselfGoOnAJourney */ = {
			isa = PBXNativeTarget;
			buildConfigurationList = DCFAE6B51CEF0C02005F370C /* Build configuration list for PBXNativeTarget "OurselfGoOnAJourney" */;
			buildPhases = (
				DCFAE6971CEF0C02005F370C /* Sources */,
				DCFAE6981CEF0C02005F370C /* Frameworks */,
				DCFAE6991CEF0C02005F370C /* Resources */,
			);
			buildRules = (
			);
			dependencies = (
			);
			name = OurselfGoOnAJourney;
			productName = OurselfGoOnAJourney;
			productReference = DCFAE69B1CEF0C02005F370C /* OurselfGoOnAJourney.app */;
			productType = "com.apple.product-type.application";
		};
/* End PBXNativeTarget section */

/* Begin PBXProject section */
		DCFAE6931CEF0C02005F370C /* Project object */ = {
			isa = PBXProject;
			attributes = {
				LastUpgradeCheck = 0730;
				ORGANIZATIONNAME = liangjie;
				TargetAttributes = {
					DCFAE69A1CEF0C02005F370C = {
						CreatedOnToolsVersion = 7.3.1;
						SystemCapabilities = {
							com.apple.BackgroundModes = {
								enabled = 1;
							};
						};
					};
				};
			};
			buildConfigurationList = DCFAE6961CEF0C02005F370C /* Build configuration list for PBXProject "OurselfGoOnAJourney" */;
			compatibilityVersion = "Xcode 3.2";
			developmentRegion = English;
			hasScannedForEncodings = 0;
			knownRegions = (
				en,
				Base,
			);
			mainGroup = DCFAE6921CEF0C02005F370C;
			productRefGroup = DCFAE69C1CEF0C02005F370C /* Products */;
			projectDirPath = "";
			projectRoot = "";
			targets = (
				DCFAE69A1CEF0C02005F370C /* OurselfGoOnAJourney */,
			);
		};
/* End PBXProject section */

/* Begin PBXResourcesBuildPhase section */
		DCFAE6991CEF0C02005F370C /* Resources */ = {
			isa = PBXResourcesBuildPhase;
			buildActionMask = 2147483647;
			files = (
				DCC660401D012B190028B5F1 /* LaunchScreen.storyboard in Resources */,
				DCC660451D012B190028B5F1 /* userPosition@2x.png in Resources */,
				DCC660411D012B190028B5F1 /* Main.storyboard in Resources */,
				DCFAE6C11CEF0C8F005F370C /* AMap.bundle in Resources */,
				DCFAE6C21CEF0C8F005F370C /* AMapNavi.bundle in Resources */,
				DCC660441D012B190028B5F1 /* userPosition.png in Resources */,
				DCC660421D012B190028B5F1 /* Info.plist in Resources */,
				DCC6603F1D012B190028B5F1 /* Assets.xcassets in Resources */,
			);
			runOnlyForDeploymentPostprocessing = 0;
		};
/* End PBXResourcesBuildPhase section */

/* Begin PBXSourcesBuildPhase section */
		DCFAE6971CEF0C02005F370C /* Sources */ = {
			isa = PBXSourcesBuildPhase;
			buildActionMask = 2147483647;
			files = (
				DCFAE6AC1CEF0C02005F370C /* OurselfGoOnAJourney.xcdatamodeld in Sources */,
				DCCB48CC1CEF2E560027A8AF /* MAMapView+IsShowAccuracyCircle.m in Sources */,
				DCC660341D012A9D0028B5F1 /* BaseNavigationController.m in Sources */,
				DCFAE6CD1CEF0E69005F370C /* MainViewController.m in Sources */,
				DCC660431D012B190028B5F1 /* main.m in Sources */,
				DCC660331D012A9D0028B5F1 /* AppDelegate.m in Sources */,
			);
			runOnlyForDeploymentPostprocessing = 0;
		};
/* End PBXSourcesBuildPhase section */

/* Begin PBXVariantGroup section */
		DCC660371D012B190028B5F1 /* LaunchScreen.storyboard */ = {
			isa = PBXVariantGroup;
			children = (
				DCC660381D012B190028B5F1 /* Base */,
			);
			name = LaunchScreen.storyboard;
			sourceTree = "<group>";
		};
		DCC660391D012B190028B5F1 /* Main.storyboard */ = {
			isa = PBXVariantGroup;
			children = (
				DCC6603A1D012B190028B5F1 /* Base */,
			);
			name = Main.storyboard;
			sourceTree = "<group>";
		};
/* End PBXVariantGroup section */

/* Begin XCBuildConfiguration section */
		DCFAE6B31CEF0C02005F370C /* Debug */ = {
			isa = XCBuildConfiguration;
			buildSettings = {
				ALWAYS_SEARCH_USER_PATHS = NO;
				CLANG_ANALYZER_NONNULL = YES;
				CLANG_CXX_LANGUAGE_STANDARD = "gnu++0x";
				CLANG_CXX_LIBRARY = "libc++";
				CLANG_ENABLE_MODULES = YES;
				CLANG_ENABLE_OBJC_ARC = YES;
				CLANG_WARN_BOOL_CONVERSION = YES;
				CLANG_WARN_CONSTANT_CONVERSION = YES;
				CLANG_WARN_DIRECT_OBJC_ISA_USAGE = YES_ERROR;
				CLANG_WARN_EMPTY_BODY = YES;
				CLANG_WARN_ENUM_CONVERSION = YES;
				CLANG_WARN_INT_CONVERSION = YES;
				CLANG_WARN_OBJC_ROOT_CLASS = YES_ERROR;
				CLANG_WARN_UNREACHABLE_CODE = YES;
				CLANG_WARN__DUPLICATE_METHOD_MATCH = YES;
				"CODE_SIGN_IDENTITY[sdk=iphoneos*]" = "iPhone Developer";
				COPY_PHASE_STRIP = NO;
				DEBUG_INFORMATION_FORMAT = dwarf;
				ENABLE_STRICT_OBJC_MSGSEND = YES;
				ENABLE_TESTABILITY = YES;
				GCC_C_LANGUAGE_STANDARD = gnu99;
				GCC_DYNAMIC_NO_PIC = NO;
				GCC_NO_COMMON_BLOCKS = YES;
				GCC_OPTIMIZATION_LEVEL = 0;
				GCC_PREPROCESSOR_DEFINITIONS = (
					"DEBUG=1",
					"$(inherited)",
				);
				GCC_WARN_64_TO_32_BIT_CONVERSION = YES;
				GCC_WARN_ABOUT_RETURN_TYPE = YES_ERROR;
				GCC_WARN_UNDECLARED_SELECTOR = YES;
				GCC_WARN_UNINITIALIZED_AUTOS = YES_AGGRESSIVE;
				GCC_WARN_UNUSED_FUNCTION = YES;
				GCC_WARN_UNUSED_VARIABLE = YES;
				IPHONEOS_DEPLOYMENT_TARGET = 9.3;
				MTL_ENABLE_DEBUG_INFO = YES;
				ONLY_ACTIVE_ARCH = YES;
				SDKROOT = iphoneos;
				TARGETED_DEVICE_FAMILY = "1,2";
			};
			name = Debug;
		};
		DCFAE6B41CEF0C02005F370C /* Release */ = {
			isa = XCBuildConfiguration;
			buildSettings = {
				ALWAYS_SEARCH_USER_PATHS = NO;
				CLANG_ANALYZER_NONNULL = YES;
				CLANG_CXX_LANGUAGE_STANDARD = "gnu++0x";
				CLANG_CXX_LIBRARY = "libc++";
				CLANG_ENABLE_MODULES = YES;
				CLANG_ENABLE_OBJC_ARC = YES;
				CLANG_WARN_BOOL_CONVERSION = YES;
				CLANG_WARN_CONSTANT_CONVERSION = YES;
				CLANG_WARN_DIRECT_OBJC_ISA_USAGE = YES_ERROR;
				CLANG_WARN_EMPTY_BODY = YES;
				CLANG_WARN_ENUM_CONVERSION = YES;
				CLANG_WARN_INT_CONVERSION = YES;
				CLANG_WARN_OBJC_ROOT_CLASS = YES_ERROR;
				CLANG_WARN_UNREACHABLE_CODE = YES;
				CLANG_WARN__DUPLICATE_METHOD_MATCH = YES;
				"CODE_SIGN_IDENTITY[sdk=iphoneos*]" = "iPhone Developer";
				COPY_PHASE_STRIP = NO;
				DEBUG_INFORMATION_FORMAT = "dwarf-with-dsym";
				ENABLE_NS_ASSERTIONS = NO;
				ENABLE_STRICT_OBJC_MSGSEND = YES;
				GCC_C_LANGUAGE_STANDARD = gnu99;
				GCC_NO_COMMON_BLOCKS = YES;
				GCC_WARN_64_TO_32_BIT_CONVERSION = YES;
				GCC_WARN_ABOUT_RETURN_TYPE = YES_ERROR;
				GCC_WARN_UNDECLARED_SELECTOR = YES;
				GCC_WARN_UNINITIALIZED_AUTOS = YES_AGGRESSIVE;
				GCC_WARN_UNUSED_FUNCTION = YES;
				GCC_WARN_UNUSED_VARIABLE = YES;
				IPHONEOS_DEPLOYMENT_TARGET = 9.3;
				MTL_ENABLE_DEBUG_INFO = NO;
				SDKROOT = iphoneos;
				TARGETED_DEVICE_FAMILY = "1,2";
				VALIDATE_PRODUCT = YES;
			};
			name = Release;
		};
		DCFAE6B61CEF0C02005F370C /* Debug */ = {
			isa = XCBuildConfiguration;
			buildSettings = {
				ASSETCATALOG_COMPILER_APPICON_NAME = AppIcon;
				FRAMEWORK_SEARCH_PATHS = (
					"$(inherited)",
					"$(PROJECT_DIR)/OurselfGoOnAJourney/OtherFrameworks/AMap",
				);
				INFOPLIST_FILE = OurselfGoOnAJourney/Resources/Info.plist;
				IPHONEOS_DEPLOYMENT_TARGET = 7.0;
				LD_RUNPATH_SEARCH_PATHS = "$(inherited) @executable_path/Frameworks";
				PRODUCT_BUNDLE_IDENTIFIER = com.liangjie.OurselfGoOnAJourney;
				PRODUCT_NAME = "$(TARGET_NAME)";
			};
			name = Debug;
		};
		DCFAE6B71CEF0C02005F370C /* Release */ = {
			isa = XCBuildConfiguration;
			buildSettings = {
				ASSETCATALOG_COMPILER_APPICON_NAME = AppIcon;
				FRAMEWORK_SEARCH_PATHS = (
					"$(inherited)",
					"$(PROJECT_DIR)/OurselfGoOnAJourney/OtherFrameworks/AMap",
				);
				INFOPLIST_FILE = OurselfGoOnAJourney/Resources/Info.plist;
				IPHONEOS_DEPLOYMENT_TARGET = 7.0;
				LD_RUNPATH_SEARCH_PATHS = "$(inherited) @executable_path/Frameworks";
				PRODUCT_BUNDLE_IDENTIFIER = com.liangjie.OurselfGoOnAJourney;
				PRODUCT_NAME = "$(TARGET_NAME)";
			};
			name = Release;
		};
/* End XCBuildConfiguration section */

/* Begin XCConfigurationList section */
		DCFAE6961CEF0C02005F370C /* Build configuration list for PBXProject "OurselfGoOnAJourney" */ = {
			isa = XCConfigurationList;
			buildConfigurations = (
				DCFAE6B31CEF0C02005F370C /* Debug */,
				DCFAE6B41CEF0C02005F370C /* Release */,
			);
			defaultConfigurationIsVisible = 0;
			defaultConfigurationName = Release;
		};
		DCFAE6B51CEF0C02005F370C /* Build configuration list for PBXNativeTarget "OurselfGoOnAJourney" */ = {
			isa = XCConfigurationList;
			buildConfigurations = (
				DCFAE6B61CEF0C02005F370C /* Debug */,
				DCFAE6B71CEF0C02005F370C /* Release */,
			);
			defaultConfigurationIsVisible = 0;
			defaultConfigurationName = Release;
		};
/* End XCConfigurationList section */

/* Begin XCVersionGroup section */
		DCFAE6AA1CEF0C02005F370C /* OurselfGoOnAJourney.xcdatamodeld */ = {
			isa = XCVersionGroup;
			children = (
				DCFAE6AB1CEF0C02005F370C /* OurselfGoOnAJourney.xcdatamodel */,
			);
			currentVersion = DCFAE6AB1CEF0C02005F370C /* OurselfGoOnAJourney.xcdatamodel */;
			path = OurselfGoOnAJourney.xcdatamodeld;
			sourceTree = "<group>";
			versionGroupType = wrapper.xcdatamodel;
		};
/* End XCVersionGroup section */
	};
	rootObject = DCFAE6931CEF0C02005F370C /* Project object */;
}
